
Microsoft Visual Studio Solution File, Format Version 12.00
# Visual Studio 15
VisualStudioVersion = 15.0.28307.1259
MinimumVisualStudioVersion = 10.0.40219.1
Project("{FAE04EC0-301F-11D3-BF4B-00C04F79EFBC}") = "ProjGit", "ProjGit\ProjGit.csproj", "{3505E558-1176-43D2-B112-1A9FDAD2FB31}"
EndProject
Global
	GlobalSection(SolutionConfigurationPlatforms) = preSolution
		Debug|Any CPU = Debug|Any CPU
		Release|Any CPU = Release|Any CPU
	EndGlobalSection
	GlobalSection(ProjectConfigurationPlatforms) = postSolution
		{3505E558-1176-43D2-B112-1A9FDAD2FB31}.Debug|Any CPU.ActiveCfg = Debug|Any CPU
		{3505E558-1176-43D2-B112-1A9FDAD2FB31}.Debug|Any CPU.Build.0 = Debug|Any CPU
		{3505E558-1176-43D2-B112-1A9FDAD2FB31}.Release|Any CPU.ActiveCfg = Release|Any CPU
		{3505E558-1176-43D2-B112-1A9FDAD2FB31}.Release|Any CPU.Build.0 = Release|Any CPU
	EndGlobalSection
	GlobalSection(SolutionProperties) = preSolution
		HideSolutionNode = FALSE
	EndGlobalSection
	GlobalSection(ExtensibilityGlobals) = postSolution
		SolutionGuid = {E1B842BC-E9B1-4E19-A4FB-F8100E56A540}
	EndGlobalSection
EndGlobal
